{
  "version": 4,
  "terraform_version": "1.2.3",
  "serial": 5,
  "lineage": "b0cd65b5-eb2a-ac09-66ea-860877391dca",
  "outputs": {},
  "resources": [
    {
      "mode": "managed",
      "type": "github_repository",
      "name": "first-repo-terraform",
      "provider": "provider[\"registry.terraform.io/hashicorp/github\"]",
      "instances": [
        {
          "schema_version": 0,
          "attributes": {
            "allow_auto_merge": false,
            "allow_merge_commit": true,
            "allow_rebase_merge": true,
            "allow_squash_merge": true,
            "archive_on_destroy": null,
            "archived": false,
            "auto_init": true,
            "branches": [
              {
                "name": "main",
                "protected": false
              }
            ],
            "default_branch": "main",
            "delete_branch_on_merge": false,
            "description": "Repo created by terraform",
            "etag": "W/\"4c67b782731c98359f32712d1b7afb9645f3252739e2c836dfab515f4bc465ae\"",
            "full_name": "chitranjanB/first-repo-terraform",
            "git_clone_url": "git://github.com/chitranjanB/first-repo-terraform.git",
            "gitignore_template": null,
            "has_downloads": false,
            "has_issues": false,
            "has_projects": false,
            "has_wiki": false,
            "homepage_url": "",
            "html_url": "https://github.com/chitranjanB/first-repo-terraform",
            "http_clone_url": "https://github.com/chitranjanB/first-repo-terraform.git",
            "id": "first-repo-terraform",
            "ignore_vulnerability_alerts_during_read": null,
            "is_template": false,
            "license_template": null,
            "name": "first-repo-terraform",
            "node_id": "R_kgDOHkA2eg",
            "pages": [],
            "private": false,
            "repo_id": 507524730,
            "ssh_clone_url": "git@github.com:chitranjanB/first-repo-terraform.git",
            "svn_url": "https://github.com/chitranjanB/first-repo-terraform",
            "template": [],
            "topics": null,
            "visibility": "public",
            "vulnerability_alerts": false
          },
          "sensitive_attributes": [],
          "private": "bnVsbA=="
        }
      ]
    }
  ]
}
